
Microsoft Visual Studio Solution File, Format Version 12.00
# Visual Studio 15
VisualStudioVersion = 15.0.27703.2035
MinimumVisualStudioVersion = 10.0.40219.1
Project("{8BC9CEB8-8B4A-11D0-8D11-00A0C91BC942}") = "smPBR", "smPBR\smPBR.vcxproj", "{026FA7A7-A90F-44C4-951F-5FF951B7E264}"
EndProject
Global
	GlobalSection(SolutionConfigurationPlatforms) = preSolution
		Debug|x64 = Debug|x64
		Debug|x86 = Debug|x86
		Release|x64 = Release|x64
		Release|x86 = Release|x86
	EndGlobalSection
	GlobalSection(ProjectConfigurationPlatforms) = postSolution
		{026FA7A7-A90F-44C4-951F-5FF951B7E264}.Debug|x64.ActiveCfg = Debug|x64
		{026FA7A7-A90F-44C4-951F-5FF951B7E264}.Debug|x64.Build.0 = Debug|x64
		{026FA7A7-A90F-44C4-951F-5FF951B7E264}.Debug|x86.ActiveCfg = Debug|Win32
		{026FA7A7-A90F-44C4-951F-5FF951B7E264}.Debug|x86.Build.0 = Debug|Win32
		{026FA7A7-A90F-44C4-951F-5FF951B7E264}.Release|x64.ActiveCfg = Release|x64
		{026FA7A7-A90F-44C4-951F-5FF951B7E264}.Release|x64.Build.0 = Release|x64
		{026FA7A7-A90F-44C4-951F-5FF951B7E264}.Release|x86.ActiveCfg = Release|Win32
		{026FA7A7-A90F-44C4-951F-5FF951B7E264}.Release|x86.Build.0 = Release|Win32
	EndGlobalSection
	GlobalSection(SolutionProperties) = preSolution
		HideSolutionNode = FALSE
	EndGlobalSection
	GlobalSection(ExtensibilityGlobals) = postSolution
		SolutionGuid = {F191A8B8-9D66-440B-8A44-13419E8792B2}
	EndGlobalSection
EndGlobal
